
Microsoft Visual Studio Solution File, Format Version 12.00
# Visual Studio Version 17
VisualStudioVersion = 17.3.32811.315
MinimumVisualStudioVersion = 10.0.40219.1
Project("{8BC9CEB8-8B4A-11D0-8D11-00A0C91BC942}") = "Chap13_Ex5", "Chap13_Ex5\Chap13_Ex5.vcxproj", "{647998F4-DC21-4A7A-9357-A42F35AFEDAD}"
EndProject
Global
	GlobalSection(SolutionConfigurationPlatforms) = preSolution
		Debug|x64 = Debug|x64
		Release|x64 = Release|x64
	EndGlobalSection
	GlobalSection(ProjectConfigurationPlatforms) = postSolution
		{647998F4-DC21-4A7A-9357-A42F35AFEDAD}.Debug|x64.ActiveCfg = Debug|x64
		{647998F4-DC21-4A7A-9357-A42F35AFEDAD}.Debug|x64.Build.0 = Debug|x64
		{647998F4-DC21-4A7A-9357-A42F35AFEDAD}.Release|x64.ActiveCfg = Release|x64
		{647998F4-DC21-4A7A-9357-A42F35AFEDAD}.Release|x64.Build.0 = Release|x64
	EndGlobalSection
	GlobalSection(SolutionProperties) = preSolution
		HideSolutionNode = FALSE
	EndGlobalSection
	GlobalSection(ExtensibilityGlobals) = postSolution
		SolutionGuid = {2ACA41C4-1A83-4C76-A2B3-00486BEA1934}
	EndGlobalSection
EndGlobal
