<?xml version="1.0" encoding="utf-8"?>
<Project ToolsVersion="4.0" xmlns="http://schemas.microsoft.com/developer/msbuild/2003">
  <ItemGroup>
    <Filter Include="Source Files">
      <UniqueIdentifier>{4FC737F1-C7A5-4376-A066-2A32D752A2FF}</UniqueIdentifier>
      <Extensions>cpp;cxx;c;def</Extensions>
    </Filter>
    <Filter Include="Header Files">
      <UniqueIdentifier>{93995380-89BD-4b04-88EB-625FBE52EBFB}</UniqueIdentifier>
      <Extensions>h</Extensions>
    </Filter>
    <Filter Include="Form Files">
      <UniqueIdentifier>{99349809-55BA-4b9d-BF79-8FDBB0286EB3}</UniqueIdentifier>
      <Extensions>ui</Extensions>
    </Filter>
    <Filter Include="Resource Files">
      <UniqueIdentifier>{D9D6E242-F8AF-46E4-B9FD-80ECBC20BA3E}</UniqueIdentifier>
      <Extensions>qrc;*</Extensions>
      <ParseFiles>false</ParseFiles>
    </Filter>
  </ItemGroup>
  <ItemGroup>
    <ClCompile Include="main.cpp">
      <Filter>Source Files</Filter>
    </ClCompile>
    <ClCompile Include="bakoffee.cpp">
      <Filter>Source Files</Filter>
    </ClCompile>
    <ClCompile Include="Boisson.cpp">
      <Filter>Source Files</Filter>
    </ClCompile>
    <ClCompile Include="Colombia.cpp">
      <Filter>Source Files</Filter>
    </ClCompile>
    <ClCompile Include="Sumatra.cpp">
      <Filter>Source Files</Filter>
    </ClCompile>
    <ClCompile Include="Deca.cpp">
      <Filter>Source Files</Filter>
    </ClCompile>
    <ClCompile Include="Espresso.cpp">
      <Filter>Source Files</Filter>
    </ClCompile>
    <ClCompile Include="DecorateurIngredient.cpp">
      <Filter>Source Files</Filter>
    </ClCompile>
    <ClCompile Include="Lait.cpp">
      <Filter>Source Files</Filter>
    </ClCompile>
    <ClCompile Include="Caramel.cpp">
      <Filter>Source Files</Filter>
    </ClCompile>
    <ClCompile Include="Chantilly.cpp">
      <Filter>Source Files</Filter>
    </ClCompile>
    <ClCompile Include="Sucre.cpp">
      <Filter>Source Files</Filter>
    </ClCompile>
    <ClCompile Include="qcooker.cpp">
      <Filter>Source Files</Filter>
    </ClCompile>
  </ItemGroup>
  <ItemGroup>
    <QtMoc Include="bakoffee.h">
      <Filter>Header Files</Filter>
    </QtMoc>
    <QtUic Include="bakoffee.ui">
      <Filter>Form Files</Filter>
    </QtUic>
    <QtRcc Include="bakoffee.qrc">
      <Filter>Resource Files</Filter>
    </QtRcc>
    <QtMoc Include="qcooker.h">
      <Filter>Header Files</Filter>
    </QtMoc>
  </ItemGroup>
  <ItemGroup>
    <ClInclude Include="Boisson.h">
      <Filter>Header Files</Filter>
    </ClInclude>
    <ClInclude Include="Colombia.h">
      <Filter>Header Files</Filter>
    </ClInclude>
    <ClInclude Include="Sumatra.h">
      <Filter>Header Files</Filter>
    </ClInclude>
    <ClInclude Include="Deca.h">
      <Filter>Header Files</Filter>
    </ClInclude>
    <ClInclude Include="Espresso.h">
      <Filter>Header Files</Filter>
    </ClInclude>
    <ClInclude Include="DecorateurIngredient.h">
      <Filter>Header Files</Filter>
    </ClInclude>
    <ClInclude Include="Lait.h">
      <Filter>Header Files</Filter>
    </ClInclude>
    <ClInclude Include="Caramel.h">
      <Filter>Header Files</Filter>
    </ClInclude>
    <ClInclude Include="Chantilly.h">
      <Filter>Header Files</Filter>
    </ClInclude>
    <ClInclude Include="Sucre.h">
      <Filter>Header Files</Filter>
    </ClInclude>
  </ItemGroup>
  <ItemGroup>
    <CopyFileToFolders Include="Resources\caramel.png">
      <Filter>Resource Files</Filter>
    </CopyFileToFolders>
    <CopyFileToFolders Include="Resources\chantilly.png">
      <Filter>Resource Files</Filter>
    </CopyFileToFolders>
    <CopyFileToFolders Include="Resources\coffee.png">
      <Filter>Resource Files</Filter>
    </CopyFileToFolders>
    <CopyFileToFolders Include="Resources\milk.png">
      <Filter>Resource Files</Filter>
    </CopyFileToFolders>
    <CopyFileToFolders Include="Resources\sugar.png">
      <Filter>Resource Files</Filter>
    </CopyFileToFolders>
  </ItemGroup>
  <ItemGroup>
    <None Include=".editorconfig" />
  </ItemGroup>
</Project>