
Microsoft Visual Studio Solution File, Format Version 12.00
# Visual Studio Version 17
VisualStudioVersion = 17.3.32811.315
MinimumVisualStudioVersion = 10.0.40219.1
Project("{8BC9CEB8-8B4A-11D0-8D11-00A0C91BC942}") = "Exercice1", "Exercice1\Exercice1.vcxproj", "{144AC5E3-4004-4494-AF9F-D02B98C4C207}"
EndProject
Project("{8BC9CEB8-8B4A-11D0-8D11-00A0C91BC942}") = "Exercice2", "Exercice2\Exercice2.vcxproj", "{8DE3E299-FF1E-4167-A18A-5CA4D780D3CE}"
EndProject
Project("{8BC9CEB8-8B4A-11D0-8D11-00A0C91BC942}") = "Exercice3", "Exercice3\Exercice3.vcxproj", "{8C3C494C-50BF-4E1F-98F9-9906DFC8C3CF}"
EndProject
Project("{8BC9CEB8-8B4A-11D0-8D11-00A0C91BC942}") = "Exercice4", "Exercice4\Exercice4.vcxproj", "{BF07B05E-BDB7-4467-83ED-68F8713D035D}"
EndProject
Project("{8BC9CEB8-8B4A-11D0-8D11-00A0C91BC942}") = "Exercice5", "Exercice5\Exercice5.vcxproj", "{69B59187-ABCF-4DF2-B40B-0A9C9E2A08F7}"
EndProject
Global
	GlobalSection(SolutionConfigurationPlatforms) = preSolution
		Debug|x64 = Debug|x64
		Release|x64 = Release|x64
	EndGlobalSection
	GlobalSection(ProjectConfigurationPlatforms) = postSolution
		{144AC5E3-4004-4494-AF9F-D02B98C4C207}.Debug|x64.ActiveCfg = Debug|x64
		{144AC5E3-4004-4494-AF9F-D02B98C4C207}.Debug|x64.Build.0 = Debug|x64
		{144AC5E3-4004-4494-AF9F-D02B98C4C207}.Release|x64.ActiveCfg = Release|x64
		{144AC5E3-4004-4494-AF9F-D02B98C4C207}.Release|x64.Build.0 = Release|x64
		{8DE3E299-FF1E-4167-A18A-5CA4D780D3CE}.Debug|x64.ActiveCfg = Debug|x64
		{8DE3E299-FF1E-4167-A18A-5CA4D780D3CE}.Debug|x64.Build.0 = Debug|x64
		{8DE3E299-FF1E-4167-A18A-5CA4D780D3CE}.Release|x64.ActiveCfg = Release|x64
		{8DE3E299-FF1E-4167-A18A-5CA4D780D3CE}.Release|x64.Build.0 = Release|x64
		{8C3C494C-50BF-4E1F-98F9-9906DFC8C3CF}.Debug|x64.ActiveCfg = Debug|x64
		{8C3C494C-50BF-4E1F-98F9-9906DFC8C3CF}.Debug|x64.Build.0 = Debug|x64
		{8C3C494C-50BF-4E1F-98F9-9906DFC8C3CF}.Release|x64.ActiveCfg = Release|x64
		{8C3C494C-50BF-4E1F-98F9-9906DFC8C3CF}.Release|x64.Build.0 = Release|x64
		{BF07B05E-BDB7-4467-83ED-68F8713D035D}.Debug|x64.ActiveCfg = Debug|x64
		{BF07B05E-BDB7-4467-83ED-68F8713D035D}.Debug|x64.Build.0 = Debug|x64
		{BF07B05E-BDB7-4467-83ED-68F8713D035D}.Release|x64.ActiveCfg = Release|x64
		{BF07B05E-BDB7-4467-83ED-68F8713D035D}.Release|x64.Build.0 = Release|x64
		{69B59187-ABCF-4DF2-B40B-0A9C9E2A08F7}.Debug|x64.ActiveCfg = Debug|x64
		{69B59187-ABCF-4DF2-B40B-0A9C9E2A08F7}.Debug|x64.Build.0 = Debug|x64
		{69B59187-ABCF-4DF2-B40B-0A9C9E2A08F7}.Release|x64.ActiveCfg = Release|x64
		{69B59187-ABCF-4DF2-B40B-0A9C9E2A08F7}.Release|x64.Build.0 = Release|x64
	EndGlobalSection
	GlobalSection(SolutionProperties) = preSolution
		HideSolutionNode = FALSE
	EndGlobalSection
	GlobalSection(ExtensibilityGlobals) = postSolution
		SolutionGuid = {7B50C6B2-298F-4084-8B59-BEA4049CDA7E}
	EndGlobalSection
EndGlobal
